{
  "version": 4,
  "terraform_version": "0.13.4",
  "serial": 2,
  "lineage": "af4a3ff6-c2d1-cd1b-3fa3-afe895892572",
  "outputs": {},
  "resources": [
    {
      "mode": "managed",
      "type": "upcloud_server",
      "name": "qcode",
      "provider": "provider[\"registry.terraform.io/upcloudltd/upcloud\"]",
      "instances": [
        {
          "status": "tainted",
          "schema_version": 0,
          "attributes": {
            "cpu": 1,
            "firewall": null,
            "hostname": "qcode.co",
            "id": "008dc070-1832-4bd9-bbb0-b671186cfd44",
            "login": [],
            "mem": 1024,
            "network_interface": [
              {
                "bootable": false,
                "ip_address": "94.237.108.58",
                "ip_address_family": "IPv4",
                "ip_address_floating": false,
                "mac_address": "96:ac:bc:26:6c:de",
                "network": "03d8bd26-3862-42cf-8a86-88bec05df938",
                "source_ip_filtering": true,
                "type": "public"
              },
              {
                "bootable": false,
                "ip_address": "10.5.0.118",
                "ip_address_family": "IPv4",
                "ip_address_floating": false,
                "mac_address": "96:ac:bc:26:f5:87",
                "network": "038b2398-ee0d-4eae-b96e-b7c647bffab9",
                "source_ip_filtering": true,
                "type": "utility"
              }
            ],
            "plan": "1xCPU-1GB",
            "storage_devices": [
              {
                "action": "clone",
                "address": "virtio:0",
                "backup_rule": [],
                "id": "01acb988-6d18-44de-a90a-2f78733c7c79",
                "size": 25,
                "storage": "01000000-0000-4000-8000-000030200200",
                "tier": "maxiops",
                "title": "terraform-qcode.co-disk-0",
                "type": "disk"
              }
            ],
            "template": null,
            "title": "qcode.co (managed by terraform)",
            "user_data": null,
            "zone": "nl-ams1"
          },
          "private": "bnVsbA=="
        }
      ]
    }
  ]
}
